{
    "_readme": [
        "This file locks the dependencies of your project to a known state",
        "Read more about it at https://getcomposer.org/doc/01-basic-usage.md#installing-dependencies",
        "This file is @generated automatically"
    ],
    "content-hash": "cd2cf950e47d1717b8f250f400421207",
    "packages": [
        {
            "name": "landrok/language-detector",
            "version": "1.3.1",
            "source": {
                "type": "git",
                "url": "https://github.com/landrok/language-detector.git",
                "reference": "97f30d9d8969e63337ecce403f423adad8a21ee2"
            },
            "dist": {
                "type": "zip",
                "url": "https://api.github.com/repos/landrok/language-detector/zipball/97f30d9d8969e63337ecce403f423adad8a21ee2",
                "reference": "97f30d9d8969e63337ecce403f423adad8a21ee2",
                "shasum": ""
            },
            "require": {
                "ext-mbstring": "*",
                "php": ">=7.2",
                "webmozart/assert": "^1.2"
            },
            "require-dev": {
                "phpunit/phpunit": ">=6"
            },
            "type": "library",
            "autoload": {
                "psr-4": {
                    "LanguageDetector\\": "src/LanguageDetector/"
                }
            },
            "notification-url": "https://packagist.org/downloads/",
            "license": [
                "MIT"
            ],
            "description": "A fast and reliable PHP library for detecting languages",
            "homepage": "https://github.com/landrok/language-detector",
            "keywords": [
                "detector",
                "language",
                "n-grams"
            ],
            "support": {
                "issues": "https://github.com/landrok/language-detector/issues",
                "source": "https://github.com/landrok/language-detector/tree/1.3.1"
            },
            "time": "2021-04-09T12:12:22+00:00"
        },
        {
            "name": "symfony/polyfill-iconv",
            "version": "v1.27.0",
            "source": {
                "type": "git",
                "url": "https://github.com/symfony/polyfill-iconv.git",
                "reference": "927013f3aac555983a5059aada98e1907d842695"
            },
            "dist": {
                "type": "zip",
                "url": "https://api.github.com/repos/symfony/polyfill-iconv/zipball/927013f3aac555983a5059aada98e1907d842695",
                "reference": "927013f3aac555983a5059aada98e1907d842695",
                "shasum": ""
            },
            "require": {
                "php": ">=7.1"
            },
            "provide": {
                "ext-iconv": "*"
            },
            "suggest": {
                "ext-iconv": "For best performance"
            },
            "type": "library",
            "extra": {
                "branch-alias": {
                    "dev-main": "1.27-dev"
                },
                "thanks": {
                    "name": "symfony/polyfill",
                    "url": "https://github.com/symfony/polyfill"
                }
            },
            "autoload": {
                "files": [
                    "bootstrap.php"
                ],
                "psr-4": {
                    "Symfony\\Polyfill\\Iconv\\": ""
                }
            },
            "notification-url": "https://packagist.org/downloads/",
            "license": [
                "MIT"
            ],
            "authors": [
                {
                    "name": "Nicolas Grekas",
                    "email": "p@tchwork.com"
                },
                {
                    "name": "Symfony Community",
                    "homepage": "https://symfony.com/contributors"
                }
            ],
            "description": "Symfony polyfill for the Iconv extension",
            "homepage": "https://symfony.com",
            "keywords": [
                "compatibility",
                "iconv",
                "polyfill",
                "portable",
                "shim"
            ],
            "support": {
                "source": "https://github.com/symfony/polyfill-iconv/tree/v1.27.0"
            },
            "funding": [
                {
                    "url": "https://symfony.com/sponsor",
                    "type": "custom"
                },
                {
                    "url": "https://github.com/fabpot",
                    "type": "github"
                },
                {
                    "url": "https://tidelift.com/funding/github/packagist/symfony/symfony",
                    "type": "tidelift"
                }
            ],
            "time": "2022-11-03T14:55:06+00:00"
        },
        {
            "name": "symfony/polyfill-intl-grapheme",
            "version": "v1.27.0",
            "source": {
                "type": "git",
                "url": "https://github.com/symfony/polyfill-intl-grapheme.git",
                "reference": "511a08c03c1960e08a883f4cffcacd219b758354"
            },
            "dist": {
                "type": "zip",
                "url": "https://api.github.com/repos/symfony/polyfill-intl-grapheme/zipball/511a08c03c1960e08a883f4cffcacd219b758354",
                "reference": "511a08c03c1960e08a883f4cffcacd219b758354",
                "shasum": ""
            },
            "require": {
                "php": ">=7.1"
            },
            "suggest": {
                "ext-intl": "For best performance"
            },
            "type": "library",
            "extra": {
                "branch-alias": {
                    "dev-main": "1.27-dev"
                },
                "thanks": {
                    "name": "symfony/polyfill",
                    "url": "https://github.com/symfony/polyfill"
                }
            },
            "autoload": {
                "files": [
                    "bootstrap.php"
                ],
                "psr-4": {
                    "Symfony\\Polyfill\\Intl\\Grapheme\\": ""
                }
            },
            "notification-url": "https://packagist.org/downloads/",
            "license": [
                "MIT"
            ],
            "authors": [
                {
                    "name": "Nicolas Grekas",
                    "email": "p@tchwork.com"
                },
                {
                    "name": "Symfony Community",
                    "homepage": "https://symfony.com/contributors"
                }
            ],
            "description": "Symfony polyfill for intl's grapheme_* functions",
            "homepage": "https://symfony.com",
            "keywords": [
                "compatibility",
                "grapheme",
                "intl",
                "polyfill",
                "portable",
                "shim"
            ],
            "support": {
                "source": "https://github.com/symfony/polyfill-intl-grapheme/tree/v1.27.0"
            },
            "funding": [
                {
                    "url": "https://symfony.com/sponsor",
                    "type": "custom"
                },
                {
                    "url": "https://github.com/fabpot",
                    "type": "github"
                },
                {
                    "url": "https://tidelift.com/funding/github/packagist/symfony/symfony",
                    "type": "tidelift"
                }
            ],
            "time": "2022-11-03T14:55:06+00:00"
        },
        {
            "name": "symfony/polyfill-intl-normalizer",
            "version": "v1.27.0",
            "source": {
                "type": "git",
                "url": "https://github.com/symfony/polyfill-intl-normalizer.git",
                "reference": "19bd1e4fcd5b91116f14d8533c57831ed00571b6"
            },
            "dist": {
                "type": "zip",
                "url": "https://api.github.com/repos/symfony/polyfill-intl-normalizer/zipball/19bd1e4fcd5b91116f14d8533c57831ed00571b6",
                "reference": "19bd1e4fcd5b91116f14d8533c57831ed00571b6",
                "shasum": ""
            },
            "require": {
                "php": ">=7.1"
            },
            "suggest": {
                "ext-intl": "For best performance"
            },
            "type": "library",
            "extra": {
                "branch-alias": {
                    "dev-main": "1.27-dev"
                },
                "thanks": {
                    "name": "symfony/polyfill",
                    "url": "https://github.com/symfony/polyfill"
                }
            },
            "autoload": {
                "files": [
                    "bootstrap.php"
                ],
                "psr-4": {
                    "Symfony\\Polyfill\\Intl\\Normalizer\\": ""
                },
                "classmap": [
                    "Resources/stubs"
                ]
            },
            "notification-url": "https://packagist.org/downloads/",
            "license": [
                "MIT"
            ],
            "authors": [
                {
                    "name": "Nicolas Grekas",
                    "email": "p@tchwork.com"
                },
                {
                    "name": "Symfony Community",
                    "homepage": "https://symfony.com/contributors"
                }
            ],
            "description": "Symfony polyfill for intl's Normalizer class and related functions",
            "homepage": "https://symfony.com",
            "keywords": [
                "compatibility",
                "intl",
                "normalizer",
                "polyfill",
                "portable",
                "shim"
            ],
            "support": {
                "source": "https://github.com/symfony/polyfill-intl-normalizer/tree/v1.27.0"
            },
            "funding": [
                {
                    "url": "https://symfony.com/sponsor",
                    "type": "custom"
                },
                {
                    "url": "https://github.com/fabpot",
                    "type": "github"
                },
                {
                    "url": "https://tidelift.com/funding/github/packagist/symfony/symfony",
                    "type": "tidelift"
                }
            ],
            "time": "2022-11-03T14:55:06+00:00"
        },
        {
            "name": "symfony/polyfill-mbstring",
            "version": "v1.27.0",
            "source": {
                "type": "git",
                "url": "https://github.com/symfony/polyfill-mbstring.git",
                "reference": "8ad114f6b39e2c98a8b0e3bd907732c207c2b534"
            },
            "dist": {
                "type": "zip",
                "url": "https://api.github.com/repos/symfony/polyfill-mbstring/zipball/8ad114f6b39e2c98a8b0e3bd907732c207c2b534",
                "reference": "8ad114f6b39e2c98a8b0e3bd907732c207c2b534",
                "shasum": ""
            },
            "require": {
                "php": ">=7.1"
            },
            "provide": {
                "ext-mbstring": "*"
            },
            "suggest": {
                "ext-mbstring": "For best performance"
            },
            "type": "library",
            "extra": {
                "branch-alias": {
                    "dev-main": "1.27-dev"
                },
                "thanks": {
                    "name": "symfony/polyfill",
                    "url": "https://github.com/symfony/polyfill"
                }
            },
            "autoload": {
                "files": [
                    "bootstrap.php"
                ],
                "psr-4": {
                    "Symfony\\Polyfill\\Mbstring\\": ""
                }
            },
            "notification-url": "https://packagist.org/downloads/",
            "license": [
                "MIT"
            ],
            "authors": [
                {
                    "name": "Nicolas Grekas",
                    "email": "p@tchwork.com"
                },
                {
                    "name": "Symfony Community",
                    "homepage": "https://symfony.com/contributors"
                }
            ],
            "description": "Symfony polyfill for the Mbstring extension",
            "homepage": "https://symfony.com",
            "keywords": [
                "compatibility",
                "mbstring",
                "polyfill",
                "portable",
                "shim"
            ],
            "support": {
                "source": "https://github.com/symfony/polyfill-mbstring/tree/v1.27.0"
            },
            "funding": [
                {
                    "url": "https://symfony.com/sponsor",
                    "type": "custom"
                },
                {
                    "url": "https://github.com/fabpot",
                    "type": "github"
                },
                {
                    "url": "https://tidelift.com/funding/github/packagist/symfony/symfony",
                    "type": "tidelift"
                }
            ],
            "time": "2022-11-03T14:55:06+00:00"
        },
        {
            "name": "symfony/polyfill-php72",
            "version": "v1.27.0",
            "source": {
                "type": "git",
                "url": "https://github.com/symfony/polyfill-php72.git",
                "reference": "869329b1e9894268a8a61dabb69153029b7a8c97"
            },
            "dist": {
                "type": "zip",
                "url": "https://api.github.com/repos/symfony/polyfill-php72/zipball/869329b1e9894268a8a61dabb69153029b7a8c97",
                "reference": "869329b1e9894268a8a61dabb69153029b7a8c97",
                "shasum": ""
            },
            "require": {
                "php": ">=7.1"
            },
            "type": "library",
            "extra": {
                "branch-alias": {
                    "dev-main": "1.27-dev"
                },
                "thanks": {
                    "name": "symfony/polyfill",
                    "url": "https://github.com/symfony/polyfill"
                }
            },
            "autoload": {
                "files": [
                    "bootstrap.php"
                ],
                "psr-4": {
                    "Symfony\\Polyfill\\Php72\\": ""
                }
            },
            "notification-url": "https://packagist.org/downloads/",
            "license": [
                "MIT"
            ],
            "authors": [
                {
                    "name": "Nicolas Grekas",
                    "email": "p@tchwork.com"
                },
                {
                    "name": "Symfony Community",
                    "homepage": "https://symfony.com/contributors"
                }
            ],
            "description": "Symfony polyfill backporting some PHP 7.2+ features to lower PHP versions",
            "homepage": "https://symfony.com",
            "keywords": [
                "compatibility",
                "polyfill",
                "portable",
                "shim"
            ],
            "support": {
                "source": "https://github.com/symfony/polyfill-php72/tree/v1.27.0"
            },
            "funding": [
                {
                    "url": "https://symfony.com/sponsor",
                    "type": "custom"
                },
                {
                    "url": "https://github.com/fabpot",
                    "type": "github"
                },
                {
                    "url": "https://tidelift.com/funding/github/packagist/symfony/symfony",
                    "type": "tidelift"
                }
            ],
            "time": "2022-11-03T14:55:06+00:00"
        },
        {
            "name": "voku/portable-ascii",
            "version": "1.5.6",
            "source": {
                "type": "git",
                "url": "https://github.com/voku/portable-ascii.git",
                "reference": "80953678b19901e5165c56752d087fc11526017c"
            },
            "dist": {
                "type": "zip",
                "url": "https://api.github.com/repos/voku/portable-ascii/zipball/80953678b19901e5165c56752d087fc11526017c",
                "reference": "80953678b19901e5165c56752d087fc11526017c",
                "shasum": ""
            },
            "require": {
                "php": ">=7.0.0"
            },
            "require-dev": {
                "phpunit/phpunit": "~6.0 || ~7.0 || ~9.0"
            },
            "suggest": {
                "ext-intl": "Use Intl for transliterator_transliterate() support"
            },
            "type": "library",
            "autoload": {
                "psr-4": {
                    "voku\\": "src/voku/"
                }
            },
            "notification-url": "https://packagist.org/downloads/",
            "license": [
                "MIT"
            ],
            "authors": [
                {
                    "name": "Lars Moelleken",
                    "homepage": "http://www.moelleken.org/"
                }
            ],
            "description": "Portable ASCII library - performance optimized (ascii) string functions for php.",
            "homepage": "https://github.com/voku/portable-ascii",
            "keywords": [
                "ascii",
                "clean",
                "php"
            ],
            "support": {
                "issues": "https://github.com/voku/portable-ascii/issues",
                "source": "https://github.com/voku/portable-ascii/tree/1.5.6"
            },
            "funding": [
                {
                    "url": "https://www.paypal.me/moelleken",
                    "type": "custom"
                },
                {
                    "url": "https://github.com/voku",
                    "type": "github"
                },
                {
                    "url": "https://opencollective.com/portable-ascii",
                    "type": "open_collective"
                },
                {
                    "url": "https://www.patreon.com/voku",
                    "type": "patreon"
                },
                {
                    "url": "https://tidelift.com/funding/github/packagist/voku/portable-ascii",
                    "type": "tidelift"
                }
            ],
            "time": "2020-11-12T00:07:28+00:00"
        },
        {
            "name": "voku/portable-utf8",
            "version": "5.4.51",
            "source": {
                "type": "git",
                "url": "https://github.com/voku/portable-utf8.git",
                "reference": "578f5266725dc9880483d24ad0cfb39f8ce170f7"
            },
            "dist": {
                "type": "zip",
                "url": "https://api.github.com/repos/voku/portable-utf8/zipball/578f5266725dc9880483d24ad0cfb39f8ce170f7",
                "reference": "578f5266725dc9880483d24ad0cfb39f8ce170f7",
                "shasum": ""
            },
            "require": {
                "php": ">=7.0.0",
                "symfony/polyfill-iconv": "~1.0",
                "symfony/polyfill-intl-grapheme": "~1.0",
                "symfony/polyfill-intl-normalizer": "~1.0",
                "symfony/polyfill-mbstring": "~1.0",
                "symfony/polyfill-php72": "~1.0",
                "voku/portable-ascii": "~1.5.6"
            },
            "require-dev": {
                "phpunit/phpunit": "~6.0 || ~7.0 || ~9.0"
            },
            "suggest": {
                "ext-ctype": "Use Ctype for e.g. hexadecimal digit detection",
                "ext-fileinfo": "Use Fileinfo for better binary file detection",
                "ext-iconv": "Use iconv for best performance",
                "ext-intl": "Use Intl for best performance",
                "ext-json": "Use JSON for string detection",
                "ext-mbstring": "Use Mbstring for best performance"
            },
            "type": "library",
            "autoload": {
                "files": [
                    "bootstrap.php"
                ],
                "psr-4": {
                    "voku\\": "src/voku/"
                }
            },
            "notification-url": "https://packagist.org/downloads/",
            "license": [
                "(Apache-2.0 or GPL-2.0)"
            ],
            "authors": [
                {
                    "name": "Nicolas Grekas",
                    "email": "p@tchwork.com"
                },
                {
                    "name": "Hamid Sarfraz",
                    "homepage": "http://pageconfig.com/"
                },
                {
                    "name": "Lars Moelleken",
                    "homepage": "http://www.moelleken.org/"
                }
            ],
            "description": "Portable UTF-8 library - performance optimized (unicode) string functions for php.",
            "homepage": "https://github.com/voku/portable-utf8",
            "keywords": [
                "UTF",
                "clean",
                "php",
                "unicode",
                "utf-8",
                "utf8"
            ],
            "support": {
                "issues": "https://github.com/voku/portable-utf8/issues",
                "source": "https://github.com/voku/portable-utf8/tree/5.4.51"
            },
            "funding": [
                {
                    "url": "https://www.paypal.me/moelleken",
                    "type": "custom"
                },
                {
                    "url": "https://github.com/voku",
                    "type": "github"
                },
                {
                    "url": "https://opencollective.com/portable-utf8",
                    "type": "open_collective"
                },
                {
                    "url": "https://www.patreon.com/voku",
                    "type": "patreon"
                },
                {
                    "url": "https://tidelift.com/funding/github/packagist/voku/portable-utf8",
                    "type": "tidelift"
                }
            ],
            "time": "2020-12-02T01:58:49+00:00"
        },
        {
            "name": "wamania/php-stemmer",
            "version": "v3.0.0",
            "source": {
                "type": "git",
                "url": "https://github.com/wamania/php-stemmer.git",
                "reference": "eab7b93465eb3d5da372806c8e1b01da5766aea5"
            },
            "dist": {
                "type": "zip",
                "url": "https://api.github.com/repos/wamania/php-stemmer/zipball/eab7b93465eb3d5da372806c8e1b01da5766aea5",
                "reference": "eab7b93465eb3d5da372806c8e1b01da5766aea5",
                "shasum": ""
            },
            "require": {
                "php": ">=7.3",
                "voku/portable-utf8": "^5.4"
            },
            "require-dev": {
                "phpunit/phpunit": "^9.0"
            },
            "type": "library",
            "autoload": {
                "psr-4": {
                    "Wamania\\Snowball\\": "src/"
                }
            },
            "notification-url": "https://packagist.org/downloads/",
            "license": [
                "MIT"
            ],
            "authors": [
                {
                    "name": "Wamania",
                    "homepage": "http://wamania.com"
                }
            ],
            "description": "Native PHP Stemmer",
            "keywords": [
                "php",
                "porter",
                "stemmer"
            ],
            "support": {
                "issues": "https://github.com/wamania/php-stemmer/issues",
                "source": "https://github.com/wamania/php-stemmer/tree/v3.0.0"
            },
            "time": "2021-08-17T18:16:34+00:00"
        },
        {
            "name": "webmozart/assert",
            "version": "1.11.0",
            "source": {
                "type": "git",
                "url": "https://github.com/webmozarts/assert.git",
                "reference": "11cb2199493b2f8a3b53e7f19068fc6aac760991"
            },
            "dist": {
                "type": "zip",
                "url": "https://api.github.com/repos/webmozarts/assert/zipball/11cb2199493b2f8a3b53e7f19068fc6aac760991",
                "reference": "11cb2199493b2f8a3b53e7f19068fc6aac760991",
                "shasum": ""
            },
            "require": {
                "ext-ctype": "*",
                "php": "^7.2 || ^8.0"
            },
            "conflict": {
                "phpstan/phpstan": "<0.12.20",
                "vimeo/psalm": "<4.6.1 || 4.6.2"
            },
            "require-dev": {
                "phpunit/phpunit": "^8.5.13"
            },
            "type": "library",
            "extra": {
                "branch-alias": {
                    "dev-master": "1.10-dev"
                }
            },
            "autoload": {
                "psr-4": {
                    "Webmozart\\Assert\\": "src/"
                }
            },
            "notification-url": "https://packagist.org/downloads/",
            "license": [
                "MIT"
            ],
            "authors": [
                {
                    "name": "Bernhard Schussek",
                    "email": "bschussek@gmail.com"
                }
            ],
            "description": "Assertions to validate method input/output with nice error messages.",
            "keywords": [
                "assert",
                "check",
                "validate"
            ],
            "support": {
                "issues": "https://github.com/webmozarts/assert/issues",
                "source": "https://github.com/webmozarts/assert/tree/1.11.0"
            },
            "time": "2022-06-03T18:03:27+00:00"
        }
    ],
    "packages-dev": [],
    "aliases": [],
    "minimum-stability": "stable",
    "stability-flags": [],
    "prefer-stable": false,
    "prefer-lowest": false,
    "platform": [],
    "platform-dev": [],
    "plugin-api-version": "2.3.0"
}
